{
  "requires": true,
  "lockfileVersion": 1,
  "dependencies": {
    "animate": {
      "version": "1.0.0",
      "resolved": "http://registry.npm.taobao.org/animate/download/animate-1.0.0.tgz",
      "requires": {
        "rafl": "1.2.2"
      },
      "dependencies": {
        "rafl": {
          "version": "1.2.2",
          "resolved": "http://registry.npm.taobao.org/rafl/download/rafl-1.2.2.tgz",
          "requires": {
            "global": "4.3.2"
          },
          "dependencies": {
            "global": {
              "version": "4.3.2",
              "bundled": true,
              "requires": {
                "min-document": "2.19.0",
                "process": "0.5.2"
              },
              "dependencies": {
                "min-document": {
                  "version": "2.19.0",
                  "resolved": "http://registry.npm.taobao.org/min-document/download/min-document-2.19.0.tgz",
                  "requires": {
                    "dom-walk": "0.1.1"
                  },
                  "dependencies": {
                    "dom-walk": {
                      "version": "0.1.1",
                      "resolved": "http://registry.npm.taobao.org/dom-walk/download/dom-walk-0.1.1.tgz"
                    }
                  }
                },
                "process": {
                  "version": "0.5.2",
                  "resolved": "http://registry.npm.taobao.org/process/download/process-0.5.2.tgz"
                }
              }
            }
          }
        }
      }
    },
    "animate.css": {
      "version": "3.5.2",
      "resolved": "https://registry.npmjs.org/animate.css/-/animate.css-3.5.2.tgz",
      "integrity": "sha1-keZo3AaagI5eSZUUhnuXquAWbDY="
    },
    "dom-walk": {
      "version": "0.1.1",
      "resolved": "http://registry.npm.taobao.org/dom-walk/download/dom-walk-0.1.1.tgz"
    },
    "global": {
      "version": "4.3.2",
      "resolved": "http://registry.npm.taobao.org/global/download/global-4.3.2.tgz",
      "requires": {
        "min-document": "2.19.0",
        "process": "0.5.2"
      },
      "dependencies": {
        "min-document": {
          "version": "2.19.0",
          "resolved": "http://registry.npm.taobao.org/min-document/download/min-document-2.19.0.tgz",
          "requires": {
            "dom-walk": "0.1.1"
          },
          "dependencies": {}
        },
        "process": {
          "version": "0.5.2",
          "resolved": "http://registry.npm.taobao.org/process/download/process-0.5.2.tgz"
        }
      }
    },
    "min-document": {
      "version": "2.19.0",
      "resolved": "http://registry.npm.taobao.org/min-document/download/min-document-2.19.0.tgz",
      "requires": {
        "dom-walk": "0.1.1"
      },
      "dependencies": {
        "dom-walk": {
          "version": "0.1.1",
          "resolved": "http://registry.npm.taobao.org/dom-walk/download/dom-walk-0.1.1.tgz"
        }
      }
    },
    "process": {
      "version": "0.5.2",
      "resolved": "http://registry.npm.taobao.org/process/download/process-0.5.2.tgz"
    },
    "rafl": {
      "version": "1.2.2",
      "resolved": "http://registry.npm.taobao.org/rafl/download/rafl-1.2.2.tgz",
      "requires": {
        "global": "4.3.2"
      },
      "dependencies": {
        "global": {
          "version": "4.3.2",
          "bundled": true,
          "requires": {
            "min-document": "2.19.0",
            "process": "0.5.2"
          },
          "dependencies": {}
        }
      }
    }
  }
}
